{
  "name": "@orenlab/codeclone-claude-desktop",
  "version": "2.1.0a2",
  "lockfileVersion": 3,
  "requires": true,
  "packages": {
    "": {
      "name": "@orenlab/codeclone-claude-desktop",
      "version": "2.1.0a2",
      "license": "MPL-2.0",
      "engines": {
        "node": ">=20.0.0"
      }
    }
  }
}
